
Microsoft Visual Studio Solution File, Format Version 12.00
# Visual Studio Version 17
VisualStudioVersion = 17.13.35913.81 d17.13
MinimumVisualStudioVersion = 10.0.40219.1
Project("{FAE04EC0-301F-11D3-BF4B-00C04F79EFBC}") = "EntityRegistry", "EntityRegistry\EntityRegistry.csproj", "{2DB5F1D1-4353-4EC8-9A17-34242C158423}"
EndProject
Global
	GlobalSection(SolutionConfigurationPlatforms) = preSolution
		Debug|Any CPU = Debug|Any CPU
		Release|Any CPU = Release|Any CPU
	EndGlobalSection
	GlobalSection(ProjectConfigurationPlatforms) = postSolution
		{2DB5F1D1-4353-4EC8-9A17-34242C158423}.Debug|Any CPU.ActiveCfg = Debug|Any CPU
		{2DB5F1D1-4353-4EC8-9A17-34242C158423}.Debug|Any CPU.Build.0 = Debug|Any CPU
		{2DB5F1D1-4353-4EC8-9A17-34242C158423}.Release|Any CPU.ActiveCfg = Release|Any CPU
		{2DB5F1D1-4353-4EC8-9A17-34242C158423}.Release|Any CPU.Build.0 = Release|Any CPU
	EndGlobalSection
	GlobalSection(SolutionProperties) = preSolution
		HideSolutionNode = FALSE
	EndGlobalSection
	GlobalSection(ExtensibilityGlobals) = postSolution
		SolutionGuid = {491905FB-C8FE-46CB-BA47-605DBA09C7EE}
	EndGlobalSection
EndGlobal
